
Microsoft Visual Studio Solution File, Format Version 12.00
# Visual Studio Version 16
VisualStudioVersion = 16.0.31424.327
MinimumVisualStudioVersion = 10.0.40219.1
Project("{8BC9CEB8-8B4A-11D0-8D11-00A0C91BC942}") = "sicsSWIG", "sicsSWIG\sicsSWIG.vcxproj", "{E809EF09-3495-46D8-9899-799F465D1324}"
EndProject
Global
	GlobalSection(SolutionConfigurationPlatforms) = preSolution
		Debug|x64 = Debug|x64
		Debug|x86 = Debug|x86
		Release|x64 = Release|x64
		Release|x86 = Release|x86
	EndGlobalSection
	GlobalSection(ProjectConfigurationPlatforms) = postSolution
		{E809EF09-3495-46D8-9899-799F465D1324}.Debug|x64.ActiveCfg = Debug|x64
		{E809EF09-3495-46D8-9899-799F465D1324}.Debug|x64.Build.0 = Debug|x64
		{E809EF09-3495-46D8-9899-799F465D1324}.Debug|x86.ActiveCfg = Debug|x64
		{E809EF09-3495-46D8-9899-799F465D1324}.Debug|x86.Build.0 = Debug|x64
		{E809EF09-3495-46D8-9899-799F465D1324}.Release|x64.ActiveCfg = Release|x64
		{E809EF09-3495-46D8-9899-799F465D1324}.Release|x64.Build.0 = Release|x64
		{E809EF09-3495-46D8-9899-799F465D1324}.Release|x86.ActiveCfg = Release|Win32
		{E809EF09-3495-46D8-9899-799F465D1324}.Release|x86.Build.0 = Release|Win32
	EndGlobalSection
	GlobalSection(SolutionProperties) = preSolution
		HideSolutionNode = FALSE
	EndGlobalSection
	GlobalSection(ExtensibilityGlobals) = postSolution
		SolutionGuid = {0EE9E84F-6FF3-4318-9947-06FA0FE6A470}
	EndGlobalSection
EndGlobal
